
Microsoft Visual Studio Solution File, Format Version 12.00
# Visual Studio Version 17
VisualStudioVersion = 17.2.32630.192
MinimumVisualStudioVersion = 10.0.40219.1
Project("{FAE04EC0-301F-11D3-BF4B-00C04F79EFBC}") = "Naresh-web", "Naresh-web\Naresh-web.csproj", "{03832914-0061-41A6-BA87-769C61C51141}"
EndProject
Global
	GlobalSection(SolutionConfigurationPlatforms) = preSolution
		Debug|Any CPU = Debug|Any CPU
		Release|Any CPU = Release|Any CPU
	EndGlobalSection
	GlobalSection(ProjectConfigurationPlatforms) = postSolution
		{03832914-0061-41A6-BA87-769C61C51141}.Debug|Any CPU.ActiveCfg = Debug|Any CPU
		{03832914-0061-41A6-BA87-769C61C51141}.Debug|Any CPU.Build.0 = Debug|Any CPU
		{03832914-0061-41A6-BA87-769C61C51141}.Release|Any CPU.ActiveCfg = Release|Any CPU
		{03832914-0061-41A6-BA87-769C61C51141}.Release|Any CPU.Build.0 = Release|Any CPU
	EndGlobalSection
	GlobalSection(SolutionProperties) = preSolution
		HideSolutionNode = FALSE
	EndGlobalSection
	GlobalSection(ExtensibilityGlobals) = postSolution
		SolutionGuid = {3399D884-43DA-423A-B4E7-831A9D877080}
	EndGlobalSection
EndGlobal
